
Microsoft Visual Studio Solution File, Format Version 12.00
# Visual Studio Version 16
VisualStudioVersion = 16.0.30503.244
MinimumVisualStudioVersion = 10.0.40219.1
Project("{FAE04EC0-301F-11D3-BF4B-00C04F79EFBC}") = "KDBAbstractions", "KDBAbstractions\KDBAbstractions.csproj", "{25925052-C238-4EB8-AFB8-C3F46446F6C4}"
EndProject
Global
	GlobalSection(SolutionConfigurationPlatforms) = preSolution
		Debug|Any CPU = Debug|Any CPU
		Release|Any CPU = Release|Any CPU
	EndGlobalSection
	GlobalSection(ProjectConfigurationPlatforms) = postSolution
		{25925052-C238-4EB8-AFB8-C3F46446F6C4}.Debug|Any CPU.ActiveCfg = Debug|Any CPU
		{25925052-C238-4EB8-AFB8-C3F46446F6C4}.Debug|Any CPU.Build.0 = Debug|Any CPU
		{25925052-C238-4EB8-AFB8-C3F46446F6C4}.Release|Any CPU.ActiveCfg = Release|Any CPU
		{25925052-C238-4EB8-AFB8-C3F46446F6C4}.Release|Any CPU.Build.0 = Release|Any CPU
	EndGlobalSection
	GlobalSection(SolutionProperties) = preSolution
		HideSolutionNode = FALSE
	EndGlobalSection
	GlobalSection(ExtensibilityGlobals) = postSolution
		SolutionGuid = {5D42FC83-825D-4842-A5C3-7D0237A67149}
	EndGlobalSection
EndGlobal
